
Microsoft Visual Studio Solution File, Format Version 12.00
# Visual Studio Version 17
VisualStudioVersion = 17.13.35806.99
MinimumVisualStudioVersion = 10.0.40219.1
Project("{FAE04EC0-301F-11D3-BF4B-00C04F79EFBC}") = "Console_Brauerei", "Console_Brauerei\Console_Brauerei.csproj", "{C99BDDC0-B491-4A8A-A41E-F63794E83912}"
EndProject
Project("{FAE04EC0-301F-11D3-BF4B-00C04F79EFBC}") = "Variablen_Datentypen", "Variablen_Datentypen\Variablen_Datentypen.csproj", "{FBB62E72-B561-4241-B195-B55784F86FA0}"
EndProject
Project("{FAE04EC0-301F-11D3-BF4B-00C04F79EFBC}") = "Brauerei_Lösung", "Brauerei_Lösung\Brauerei_Lösung.csproj", "{24F161FA-72F0-4AC9-86E8-32296FF87A23}"
EndProject
Project("{FAE04EC0-301F-11D3-BF4B-00C04F79EFBC}") = "ErstesProgramm", "ErstesProgramm\ErstesProgramm.csproj", "{3D384E42-0470-44AC-9B76-D8C4FD847A05}"
EndProject
Project("{FAE04EC0-301F-11D3-BF4B-00C04F79EFBC}") = "If_Else", "If_Else\If_Else.csproj", "{2B13C2EE-D5C9-4BB0-888A-8336591C2196}"
EndProject
Project("{FAE04EC0-301F-11D3-BF4B-00C04F79EFBC}") = "Nutzer_Eingaben", "Nutzer_Eingaben\Nutzer_Eingaben.csproj", "{23083015-22F6-48DB-9717-B4ACD34843EA}"
EndProject
Project("{FAE04EC0-301F-11D3-BF4B-00C04F79EFBC}") = "Zeichenverkettung", "Zeichenverkettung\Zeichenverkettung.csproj", "{6C5416D0-8893-4896-961B-57D39731FE54}"
EndProject
Project("{FAE04EC0-301F-11D3-BF4B-00C04F79EFBC}") = "Schleifen_Loop", "Schleifen_Loop\Schleifen_Loop.csproj", "{64DD2DB3-9A54-46DF-8DA3-71CBA114AED9}"
EndProject
Project("{FAE04EC0-301F-11D3-BF4B-00C04F79EFBC}") = "Typkonvertierung", "Typkonvertierung\Typkonvertierung.csproj", "{04D565E5-34F6-48B9-AB5E-A675FEF2592C}"
EndProject
Project("{FAE04EC0-301F-11D3-BF4B-00C04F79EFBC}") = "Schaltjahr", "Schaltjahr\Schaltjahr.csproj", "{B62381A0-ACDC-4621-976F-19C56EEC9313}"
EndProject
Project("{FAE04EC0-301F-11D3-BF4B-00C04F79EFBC}") = "Schaltjahr_Lösung", "Schaltjahr_Lösung\Schaltjahr_Lösung.csproj", "{9896E3F9-9245-433B-B378-AF81344FFA92}"
EndProject
Project("{FAE04EC0-301F-11D3-BF4B-00C04F79EFBC}") = "Wassermelone", "Wassermelone\Wassermelone.csproj", "{AF27C07A-261B-4E76-BE82-EC56207C5F6B}"
EndProject
Project("{FAE04EC0-301F-11D3-BF4B-00C04F79EFBC}") = "Zahlen_In_Worten", "Zahlen_In_Worten\Zahlen_In_Worten.csproj", "{BECB0E95-1486-4243-9D17-63411B8F7740}"
EndProject
Project("{FAE04EC0-301F-11D3-BF4B-00C04F79EFBC}") = "Warm-Kalt", "Warm-Kalt\Warm-Kalt.csproj", "{0B350DDD-BF6F-47CB-AB48-3140B871F752}"
EndProject
Project("{FAE04EC0-301F-11D3-BF4B-00C04F79EFBC}") = "Warm-Kalt-v2", "Warm-Kalt-v2\Warm-Kalt-v2.csproj", "{399D9505-54E8-4DCB-8070-566B464E2E86}"
EndProject
Project("{FAE04EC0-301F-11D3-BF4B-00C04F79EFBC}") = "Fallunterscheidung_Switch", "Fallunterscheidung_Switch\Fallunterscheidung_Switch.csproj", "{A66C5A89-93A4-4F38-A310-8FFCEB54709E}"
EndProject
Project("{FAE04EC0-301F-11D3-BF4B-00C04F79EFBC}") = "Menuefuehrung", "Menuefuehrung\Menuefuehrung.csproj", "{F5297C76-D4B4-4EAE-A716-86A59CF478D0}"
EndProject
Project("{FAE04EC0-301F-11D3-BF4B-00C04F79EFBC}") = "Array", "Array\Array.csproj", "{806D4FB4-001F-4039-ADA6-13D3264F4A66}"
EndProject
Project("{FAE04EC0-301F-11D3-BF4B-00C04F79EFBC}") = "Aaufgabe_Taschenrechner", "Aaufgabe_Taschenrechner\Aaufgabe_Taschenrechner.csproj", "{DA2489DF-A16E-48EE-A7ED-36A4AF789489}"
EndProject
Project("{FAE04EC0-301F-11D3-BF4B-00C04F79EFBC}") = "Aufgabe_Taschenrechner_Lösung", "Aufgabe_Taschenrechner_Lösung\Aufgabe_Taschenrechner_Lösung.csproj", "{9A56B12D-DB25-43F9-BF8D-8B6EEBB4A760}"
EndProject
Project("{FAE04EC0-301F-11D3-BF4B-00C04F79EFBC}") = "Zufallszahlen", "Zufallszahlen\Zufallszahlen.csproj", "{45C531A5-9217-4E33-805A-6588FE689E6D}"
EndProject
Project("{FAE04EC0-301F-11D3-BF4B-00C04F79EFBC}") = "Aufgabe_PasswordGenerator", "Aufgabe_PasswordGenerator\Aufgabe_PasswordGenerator.csproj", "{23F76029-C862-4728-983E-C10055094E6F}"
EndProject
Project("{FAE04EC0-301F-11D3-BF4B-00C04F79EFBC}") = "Aufgabe_Lotto", "Aufgabe_Lotto\Aufgabe_Lotto.csproj", "{5860A767-E9D7-4713-9BAD-BD95850134BF}"
EndProject
Global
	GlobalSection(SolutionConfigurationPlatforms) = preSolution
		Debug|Any CPU = Debug|Any CPU
		Release|Any CPU = Release|Any CPU
	EndGlobalSection
	GlobalSection(ProjectConfigurationPlatforms) = postSolution
		{C99BDDC0-B491-4A8A-A41E-F63794E83912}.Debug|Any CPU.ActiveCfg = Debug|Any CPU
		{C99BDDC0-B491-4A8A-A41E-F63794E83912}.Debug|Any CPU.Build.0 = Debug|Any CPU
		{C99BDDC0-B491-4A8A-A41E-F63794E83912}.Release|Any CPU.ActiveCfg = Release|Any CPU
		{C99BDDC0-B491-4A8A-A41E-F63794E83912}.Release|Any CPU.Build.0 = Release|Any CPU
		{FBB62E72-B561-4241-B195-B55784F86FA0}.Debug|Any CPU.ActiveCfg = Debug|Any CPU
		{FBB62E72-B561-4241-B195-B55784F86FA0}.Debug|Any CPU.Build.0 = Debug|Any CPU
		{FBB62E72-B561-4241-B195-B55784F86FA0}.Release|Any CPU.ActiveCfg = Release|Any CPU
		{FBB62E72-B561-4241-B195-B55784F86FA0}.Release|Any CPU.Build.0 = Release|Any CPU
		{24F161FA-72F0-4AC9-86E8-32296FF87A23}.Debug|Any CPU.ActiveCfg = Debug|Any CPU
		{24F161FA-72F0-4AC9-86E8-32296FF87A23}.Debug|Any CPU.Build.0 = Debug|Any CPU
		{24F161FA-72F0-4AC9-86E8-32296FF87A23}.Release|Any CPU.ActiveCfg = Release|Any CPU
		{24F161FA-72F0-4AC9-86E8-32296FF87A23}.Release|Any CPU.Build.0 = Release|Any CPU
		{3D384E42-0470-44AC-9B76-D8C4FD847A05}.Debug|Any CPU.ActiveCfg = Debug|Any CPU
		{3D384E42-0470-44AC-9B76-D8C4FD847A05}.Debug|Any CPU.Build.0 = Debug|Any CPU
		{3D384E42-0470-44AC-9B76-D8C4FD847A05}.Release|Any CPU.ActiveCfg = Release|Any CPU
		{3D384E42-0470-44AC-9B76-D8C4FD847A05}.Release|Any CPU.Build.0 = Release|Any CPU
		{2B13C2EE-D5C9-4BB0-888A-8336591C2196}.Debug|Any CPU.ActiveCfg = Debug|Any CPU
		{2B13C2EE-D5C9-4BB0-888A-8336591C2196}.Debug|Any CPU.Build.0 = Debug|Any CPU
		{2B13C2EE-D5C9-4BB0-888A-8336591C2196}.Release|Any CPU.ActiveCfg = Release|Any CPU
		{2B13C2EE-D5C9-4BB0-888A-8336591C2196}.Release|Any CPU.Build.0 = Release|Any CPU
		{23083015-22F6-48DB-9717-B4ACD34843EA}.Debug|Any CPU.ActiveCfg = Debug|Any CPU
		{23083015-22F6-48DB-9717-B4ACD34843EA}.Debug|Any CPU.Build.0 = Debug|Any CPU
		{23083015-22F6-48DB-9717-B4ACD34843EA}.Release|Any CPU.ActiveCfg = Release|Any CPU
		{23083015-22F6-48DB-9717-B4ACD34843EA}.Release|Any CPU.Build.0 = Release|Any CPU
		{6C5416D0-8893-4896-961B-57D39731FE54}.Debug|Any CPU.ActiveCfg = Debug|Any CPU
		{6C5416D0-8893-4896-961B-57D39731FE54}.Debug|Any CPU.Build.0 = Debug|Any CPU
		{6C5416D0-8893-4896-961B-57D39731FE54}.Release|Any CPU.ActiveCfg = Release|Any CPU
		{6C5416D0-8893-4896-961B-57D39731FE54}.Release|Any CPU.Build.0 = Release|Any CPU
		{64DD2DB3-9A54-46DF-8DA3-71CBA114AED9}.Debug|Any CPU.ActiveCfg = Debug|Any CPU
		{64DD2DB3-9A54-46DF-8DA3-71CBA114AED9}.Debug|Any CPU.Build.0 = Debug|Any CPU
		{64DD2DB3-9A54-46DF-8DA3-71CBA114AED9}.Release|Any CPU.ActiveCfg = Release|Any CPU
		{64DD2DB3-9A54-46DF-8DA3-71CBA114AED9}.Release|Any CPU.Build.0 = Release|Any CPU
		{04D565E5-34F6-48B9-AB5E-A675FEF2592C}.Debug|Any CPU.ActiveCfg = Debug|Any CPU
		{04D565E5-34F6-48B9-AB5E-A675FEF2592C}.Debug|Any CPU.Build.0 = Debug|Any CPU
		{04D565E5-34F6-48B9-AB5E-A675FEF2592C}.Release|Any CPU.ActiveCfg = Release|Any CPU
		{04D565E5-34F6-48B9-AB5E-A675FEF2592C}.Release|Any CPU.Build.0 = Release|Any CPU
		{B62381A0-ACDC-4621-976F-19C56EEC9313}.Debug|Any CPU.ActiveCfg = Debug|Any CPU
		{B62381A0-ACDC-4621-976F-19C56EEC9313}.Debug|Any CPU.Build.0 = Debug|Any CPU
		{B62381A0-ACDC-4621-976F-19C56EEC9313}.Release|Any CPU.ActiveCfg = Release|Any CPU
		{B62381A0-ACDC-4621-976F-19C56EEC9313}.Release|Any CPU.Build.0 = Release|Any CPU
		{9896E3F9-9245-433B-B378-AF81344FFA92}.Debug|Any CPU.ActiveCfg = Debug|Any CPU
		{9896E3F9-9245-433B-B378-AF81344FFA92}.Debug|Any CPU.Build.0 = Debug|Any CPU
		{9896E3F9-9245-433B-B378-AF81344FFA92}.Release|Any CPU.ActiveCfg = Release|Any CPU
		{9896E3F9-9245-433B-B378-AF81344FFA92}.Release|Any CPU.Build.0 = Release|Any CPU
		{AF27C07A-261B-4E76-BE82-EC56207C5F6B}.Debug|Any CPU.ActiveCfg = Debug|Any CPU
		{AF27C07A-261B-4E76-BE82-EC56207C5F6B}.Debug|Any CPU.Build.0 = Debug|Any CPU
		{AF27C07A-261B-4E76-BE82-EC56207C5F6B}.Release|Any CPU.ActiveCfg = Release|Any CPU
		{AF27C07A-261B-4E76-BE82-EC56207C5F6B}.Release|Any CPU.Build.0 = Release|Any CPU
		{BECB0E95-1486-4243-9D17-63411B8F7740}.Debug|Any CPU.ActiveCfg = Debug|Any CPU
		{BECB0E95-1486-4243-9D17-63411B8F7740}.Debug|Any CPU.Build.0 = Debug|Any CPU
		{BECB0E95-1486-4243-9D17-63411B8F7740}.Release|Any CPU.ActiveCfg = Release|Any CPU
		{BECB0E95-1486-4243-9D17-63411B8F7740}.Release|Any CPU.Build.0 = Release|Any CPU
		{0B350DDD-BF6F-47CB-AB48-3140B871F752}.Debug|Any CPU.ActiveCfg = Debug|Any CPU
		{0B350DDD-BF6F-47CB-AB48-3140B871F752}.Debug|Any CPU.Build.0 = Debug|Any CPU
		{0B350DDD-BF6F-47CB-AB48-3140B871F752}.Release|Any CPU.ActiveCfg = Release|Any CPU
		{0B350DDD-BF6F-47CB-AB48-3140B871F752}.Release|Any CPU.Build.0 = Release|Any CPU
		{399D9505-54E8-4DCB-8070-566B464E2E86}.Debug|Any CPU.ActiveCfg = Debug|Any CPU
		{399D9505-54E8-4DCB-8070-566B464E2E86}.Debug|Any CPU.Build.0 = Debug|Any CPU
		{399D9505-54E8-4DCB-8070-566B464E2E86}.Release|Any CPU.ActiveCfg = Release|Any CPU
		{399D9505-54E8-4DCB-8070-566B464E2E86}.Release|Any CPU.Build.0 = Release|Any CPU
		{A66C5A89-93A4-4F38-A310-8FFCEB54709E}.Debug|Any CPU.ActiveCfg = Debug|Any CPU
		{A66C5A89-93A4-4F38-A310-8FFCEB54709E}.Debug|Any CPU.Build.0 = Debug|Any CPU
		{A66C5A89-93A4-4F38-A310-8FFCEB54709E}.Release|Any CPU.ActiveCfg = Release|Any CPU
		{A66C5A89-93A4-4F38-A310-8FFCEB54709E}.Release|Any CPU.Build.0 = Release|Any CPU
		{F5297C76-D4B4-4EAE-A716-86A59CF478D0}.Debug|Any CPU.ActiveCfg = Debug|Any CPU
		{F5297C76-D4B4-4EAE-A716-86A59CF478D0}.Debug|Any CPU.Build.0 = Debug|Any CPU
		{F5297C76-D4B4-4EAE-A716-86A59CF478D0}.Release|Any CPU.ActiveCfg = Release|Any CPU
		{F5297C76-D4B4-4EAE-A716-86A59CF478D0}.Release|Any CPU.Build.0 = Release|Any CPU
		{806D4FB4-001F-4039-ADA6-13D3264F4A66}.Debug|Any CPU.ActiveCfg = Debug|Any CPU
		{806D4FB4-001F-4039-ADA6-13D3264F4A66}.Debug|Any CPU.Build.0 = Debug|Any CPU
		{806D4FB4-001F-4039-ADA6-13D3264F4A66}.Release|Any CPU.ActiveCfg = Release|Any CPU
		{806D4FB4-001F-4039-ADA6-13D3264F4A66}.Release|Any CPU.Build.0 = Release|Any CPU
		{DA2489DF-A16E-48EE-A7ED-36A4AF789489}.Debug|Any CPU.ActiveCfg = Debug|Any CPU
		{DA2489DF-A16E-48EE-A7ED-36A4AF789489}.Debug|Any CPU.Build.0 = Debug|Any CPU
		{DA2489DF-A16E-48EE-A7ED-36A4AF789489}.Release|Any CPU.ActiveCfg = Release|Any CPU
		{DA2489DF-A16E-48EE-A7ED-36A4AF789489}.Release|Any CPU.Build.0 = Release|Any CPU
		{9A56B12D-DB25-43F9-BF8D-8B6EEBB4A760}.Debug|Any CPU.ActiveCfg = Debug|Any CPU
		{9A56B12D-DB25-43F9-BF8D-8B6EEBB4A760}.Debug|Any CPU.Build.0 = Debug|Any CPU
		{9A56B12D-DB25-43F9-BF8D-8B6EEBB4A760}.Release|Any CPU.ActiveCfg = Release|Any CPU
		{9A56B12D-DB25-43F9-BF8D-8B6EEBB4A760}.Release|Any CPU.Build.0 = Release|Any CPU
		{45C531A5-9217-4E33-805A-6588FE689E6D}.Debug|Any CPU.ActiveCfg = Debug|Any CPU
		{45C531A5-9217-4E33-805A-6588FE689E6D}.Debug|Any CPU.Build.0 = Debug|Any CPU
		{45C531A5-9217-4E33-805A-6588FE689E6D}.Release|Any CPU.ActiveCfg = Release|Any CPU
		{45C531A5-9217-4E33-805A-6588FE689E6D}.Release|Any CPU.Build.0 = Release|Any CPU
		{23F76029-C862-4728-983E-C10055094E6F}.Debug|Any CPU.ActiveCfg = Debug|Any CPU
		{23F76029-C862-4728-983E-C10055094E6F}.Debug|Any CPU.Build.0 = Debug|Any CPU
		{23F76029-C862-4728-983E-C10055094E6F}.Release|Any CPU.ActiveCfg = Release|Any CPU
		{23F76029-C862-4728-983E-C10055094E6F}.Release|Any CPU.Build.0 = Release|Any CPU
		{5860A767-E9D7-4713-9BAD-BD95850134BF}.Debug|Any CPU.ActiveCfg = Debug|Any CPU
		{5860A767-E9D7-4713-9BAD-BD95850134BF}.Debug|Any CPU.Build.0 = Debug|Any CPU
		{5860A767-E9D7-4713-9BAD-BD95850134BF}.Release|Any CPU.ActiveCfg = Release|Any CPU
		{5860A767-E9D7-4713-9BAD-BD95850134BF}.Release|Any CPU.Build.0 = Release|Any CPU
	EndGlobalSection
	GlobalSection(SolutionProperties) = preSolution
		HideSolutionNode = FALSE
	EndGlobalSection
	GlobalSection(ExtensibilityGlobals) = postSolution
		SolutionGuid = {760D91FA-5D02-4914-8F26-EFD30FEF9C92}
	EndGlobalSection
EndGlobal
