
Microsoft Visual Studio Solution File, Format Version 12.00
# Visual Studio Version 17
VisualStudioVersion = 17.13.35806.99
MinimumVisualStudioVersion = 10.0.40219.1
Project("{FAE04EC0-301F-11D3-BF4B-00C04F79EFBC}") = "Aufgabe_Brauerei", "Console_Brauerei\Aufgabe_Brauerei.csproj", "{C99BDDC0-B491-4A8A-A41E-F63794E83912}"
EndProject
Project("{FAE04EC0-301F-11D3-BF4B-00C04F79EFBC}") = "Variablen_Datentypen", "Variablen_Datentypen\Variablen_Datentypen.csproj", "{FBB62E72-B561-4241-B195-B55784F86FA0}"
EndProject
Project("{FAE04EC0-301F-11D3-BF4B-00C04F79EFBC}") = "Aufgabe_Brauerei_Lösung", "Brauerei_Lösung\Aufgabe_Brauerei_Lösung.csproj", "{24F161FA-72F0-4AC9-86E8-32296FF87A23}"
EndProject
Project("{FAE04EC0-301F-11D3-BF4B-00C04F79EFBC}") = "ErstesProgramm", "ErstesProgramm\ErstesProgramm.csproj", "{3D384E42-0470-44AC-9B76-D8C4FD847A05}"
EndProject
Project("{FAE04EC0-301F-11D3-BF4B-00C04F79EFBC}") = "If_Else", "If_Else\If_Else.csproj", "{2B13C2EE-D5C9-4BB0-888A-8336591C2196}"
EndProject
Project("{FAE04EC0-301F-11D3-BF4B-00C04F79EFBC}") = "Nutzer_Eingaben", "Nutzer_Eingaben\Nutzer_Eingaben.csproj", "{23083015-22F6-48DB-9717-B4ACD34843EA}"
EndProject
Project("{FAE04EC0-301F-11D3-BF4B-00C04F79EFBC}") = "Zeichenverkettung", "Zeichenverkettung\Zeichenverkettung.csproj", "{6C5416D0-8893-4896-961B-57D39731FE54}"
EndProject
Project("{FAE04EC0-301F-11D3-BF4B-00C04F79EFBC}") = "Schleifen_Loop", "Schleifen_Loop\Schleifen_Loop.csproj", "{64DD2DB3-9A54-46DF-8DA3-71CBA114AED9}"
EndProject
Project("{FAE04EC0-301F-11D3-BF4B-00C04F79EFBC}") = "Typkonvertierung", "Typkonvertierung\Typkonvertierung.csproj", "{04D565E5-34F6-48B9-AB5E-A675FEF2592C}"
EndProject
Project("{FAE04EC0-301F-11D3-BF4B-00C04F79EFBC}") = "Aufgabe_Schaltjahr", "Schaltjahr\Aufgabe_Schaltjahr.csproj", "{B62381A0-ACDC-4621-976F-19C56EEC9313}"
EndProject
Project("{FAE04EC0-301F-11D3-BF4B-00C04F79EFBC}") = "Aufgabe_Schaltjahr_Lösung", "Schaltjahr_Lösung\Aufgabe_Schaltjahr_Lösung.csproj", "{9896E3F9-9245-433B-B378-AF81344FFA92}"
EndProject
Project("{FAE04EC0-301F-11D3-BF4B-00C04F79EFBC}") = "Aufgabe_Wassermelone", "Wassermelone\Aufgabe_Wassermelone.csproj", "{AF27C07A-261B-4E76-BE82-EC56207C5F6B}"
EndProject
Project("{FAE04EC0-301F-11D3-BF4B-00C04F79EFBC}") = "Aufgabe_Zahlen_In_Worten", "Zahlen_In_Worten\Aufgabe_Zahlen_In_Worten.csproj", "{BECB0E95-1486-4243-9D17-63411B8F7740}"
EndProject
Project("{FAE04EC0-301F-11D3-BF4B-00C04F79EFBC}") = "Aufgabe_Warm-Kalt", "Warm-Kalt\Aufgabe_Warm-Kalt.csproj", "{0B350DDD-BF6F-47CB-AB48-3140B871F752}"
EndProject
Project("{FAE04EC0-301F-11D3-BF4B-00C04F79EFBC}") = "Aufgabe_Warm-Kalt-v2", "Warm-Kalt-v2\Aufgabe_Warm-Kalt-v2.csproj", "{399D9505-54E8-4DCB-8070-566B464E2E86}"
EndProject
Project("{FAE04EC0-301F-11D3-BF4B-00C04F79EFBC}") = "Fallunterscheidung_Switch", "Fallunterscheidung_Switch\Fallunterscheidung_Switch.csproj", "{A66C5A89-93A4-4F38-A310-8FFCEB54709E}"
EndProject
Project("{FAE04EC0-301F-11D3-BF4B-00C04F79EFBC}") = "Menuefuehrung", "Menuefuehrung\Menuefuehrung.csproj", "{F5297C76-D4B4-4EAE-A716-86A59CF478D0}"
EndProject
Project("{FAE04EC0-301F-11D3-BF4B-00C04F79EFBC}") = "Array", "Array\Array.csproj", "{806D4FB4-001F-4039-ADA6-13D3264F4A66}"
EndProject
Project("{FAE04EC0-301F-11D3-BF4B-00C04F79EFBC}") = "Aaufgabe_Taschenrechner", "Aaufgabe_Taschenrechner\Aaufgabe_Taschenrechner.csproj", "{DA2489DF-A16E-48EE-A7ED-36A4AF789489}"
EndProject
Project("{FAE04EC0-301F-11D3-BF4B-00C04F79EFBC}") = "Aufgabe_Taschenrechner_Lösung", "Aufgabe_Taschenrechner_Lösung\Aufgabe_Taschenrechner_Lösung.csproj", "{9A56B12D-DB25-43F9-BF8D-8B6EEBB4A760}"
EndProject
Project("{FAE04EC0-301F-11D3-BF4B-00C04F79EFBC}") = "Zufallszahlen", "Zufallszahlen\Zufallszahlen.csproj", "{45C531A5-9217-4E33-805A-6588FE689E6D}"
EndProject
Project("{FAE04EC0-301F-11D3-BF4B-00C04F79EFBC}") = "Aufgabe_PasswordGenerator", "Aufgabe_PasswordGenerator\Aufgabe_PasswordGenerator.csproj", "{23F76029-C862-4728-983E-C10055094E6F}"
EndProject
Project("{FAE04EC0-301F-11D3-BF4B-00C04F79EFBC}") = "Aufgabe_Lotto", "Aufgabe_Lotto\Aufgabe_Lotto.csproj", "{5860A767-E9D7-4713-9BAD-BD95850134BF}"
EndProject
Project("{FAE04EC0-301F-11D3-BF4B-00C04F79EFBC}") = "Aufgabe_Countdown", "Aufgabe_Countdown\Aufgabe_Countdown.csproj", "{77C1B2AD-5E2E-47B0-98DE-6B5EE2D1B5C5}"
EndProject
Project("{FAE04EC0-301F-11D3-BF4B-00C04F79EFBC}") = "Aufgabe_Persoenliche_Daten", "Aufgabe_Persoenliche_Daten\Aufgabe_Persoenliche_Daten.csproj", "{930D3B73-6C64-4DE0-AFDB-B9D43FBF4C07}"
EndProject
Project("{FAE04EC0-301F-11D3-BF4B-00C04F79EFBC}") = "Aufgabe_Multimedia_GmbH", "Aufgabe_Multimedia_GmbH\Aufgabe_Multimedia_GmbH.csproj", "{CD7F4098-6865-4E72-AC82-FA9B0822B2A6}"
EndProject
Project("{FAE04EC0-301F-11D3-BF4B-00C04F79EFBC}") = "Aufgabe_Quiz", "Aufgabe_Quiz\Aufgabe_Quiz.csproj", "{265375C5-BC0D-4826-9E55-06299F77C1D7}"
EndProject
Project("{FAE04EC0-301F-11D3-BF4B-00C04F79EFBC}") = "Aufgabe_Wordle", "Aufgabe_Wordle\Aufgabe_Wordle.csproj", "{876D9D33-2843-4828-989F-43642C507C98}"
EndProject
Project("{FAE04EC0-301F-11D3-BF4B-00C04F79EFBC}") = "Aufgabe_Fibonacci", "Aufgabe_Fibonacci\Aufgabe_Fibonacci.csproj", "{B96F9AE5-E5DA-46D2-9334-22F2B0A66F50}"
EndProject
Project("{FAE04EC0-301F-11D3-BF4B-00C04F79EFBC}") = "Aufgabe_Schere-Stein-Papier", "Aufgabe_Schere-Stein-Papier\Aufgabe_Schere-Stein-Papier.csproj", "{342574E3-4C3A-4346-816B-75DFA96BC240}"
EndProject
Project("{FAE04EC0-301F-11D3-BF4B-00C04F79EFBC}") = "Aufgabe_Wetterpruefung", "Aufgabbe_Wetterpruefung\Aufgabe_Wetterpruefung.csproj", "{596A6534-D719-4334-BD58-C82DC0749526}"
EndProject
Project("{FAE04EC0-301F-11D3-BF4B-00C04F79EFBC}") = "Aufgabe_Promillerechner", "Aufgabe_Promillerechner\Aufgabe_Promillerechner.csproj", "{16A8CDEF-7B56-4A67-988E-AD12452E3DC6}"
EndProject
Project("{FAE04EC0-301F-11D3-BF4B-00C04F79EFBC}") = "Aufgabe_BargeldRueckrechner", "Aufgabe_BargeldRueckrechner\Aufgabe_BargeldRueckrechner.csproj", "{21F9403B-A5ED-45D1-81AA-3C007498E6E9}"
EndProject
Project("{FAE04EC0-301F-11D3-BF4B-00C04F79EFBC}") = "Dictionaries", "Dictionarys\Dictionaries.csproj", "{4ACF8DF4-5118-4986-8377-B7C555A160B6}"
EndProject
Project("{FAE04EC0-301F-11D3-BF4B-00C04F79EFBC}") = "Aufgabe_Kaffeautomat", "Aufgabe_Kaffeautomat\Aufgabe_Kaffeautomat.csproj", "{BE955CD9-7259-475D-BDCE-7225B70AFC58}"
EndProject
Project("{FAE04EC0-301F-11D3-BF4B-00C04F79EFBC}") = "Aufgabe_PersonalVerwaltung", "Aufgabe_PersonalVerwaltung\Aufgabe_PersonalVerwaltung.csproj", "{79085B2D-8B0C-4825-B293-04FC5F740F0B}"
EndProject
Project("{FAE04EC0-301F-11D3-BF4B-00C04F79EFBC}") = "Aufgabe_Kaffeautomat_v2", "Aufgabe_Kafeautomat_v2\Aufgabe_Kaffeautomat_v2.csproj", "{18B6ADF9-5059-43C8-83FC-88AE03839B8A}"
EndProject
Project("{FAE04EC0-301F-11D3-BF4B-00C04F79EFBC}") = "Operatoren", "Operatoren\Operatoren.csproj", "{00166345-D62B-49D5-BCAE-A636BB3F68B7}"
EndProject
Project("{FAE04EC0-301F-11D3-BF4B-00C04F79EFBC}") = "Verzweigungen", "Verzweigungen\Verzweigungen.csproj", "{4D3BC60A-AF41-4572-8224-F593FF44E5E0}"
EndProject
Project("{FAE04EC0-301F-11D3-BF4B-00C04F79EFBC}") = "Aufgabe_ConsoleColor", "Aufgabe_ConsoleColor\Aufgabe_ConsoleColor.csproj", "{1F692530-3356-4B9C-BBE3-59862EF55392}"
EndProject
Project("{FAE04EC0-301F-11D3-BF4B-00C04F79EFBC}") = "Aufgabe_Wecker", "Aufgabe_Wecker\Aufgabe_Wecker.csproj", "{3BAF0208-2B2A-402D-9C28-9930818EDC57}"
EndProject
Project("{FAE04EC0-301F-11D3-BF4B-00C04F79EFBC}") = "Liste", "Liste\Liste.csproj", "{F7158832-73AD-4819-AB78-2F55BEC68A68}"
EndProject
Project("{FAE04EC0-301F-11D3-BF4B-00C04F79EFBC}") = "Hash", "Hash\Hash.csproj", "{9C1AAF6B-A0E3-4F72-999C-BE73E7B7B736}"
EndProject
Project("{FAE04EC0-301F-11D3-BF4B-00C04F79EFBC}") = "Aufgabe_Lagersystem", "Aufgabe_Lagersystem\Aufgabe_Lagersystem.csproj", "{95164051-7C09-40D5-A4E8-7D97E99A5133}"
EndProject
Project("{FAE04EC0-301F-11D3-BF4B-00C04F79EFBC}") = "Nullable", "Nullable\Nullable.csproj", "{262004B5-C91D-4692-9A3C-02491CB6F5BE}"
EndProject
Project("{FAE04EC0-301F-11D3-BF4B-00C04F79EFBC}") = "Aufgabe_Hangman", "Aufgabe_Hangman\Aufgabe_Hangman.csproj", "{02FC5E00-4718-4336-8A54-A5B191E17D4E}"
EndProject
Project("{FAE04EC0-301F-11D3-BF4B-00C04F79EFBC}") = "Methoden", "Methoden\Methoden.csproj", "{1E41FC96-5F29-4D43-94B5-6679B69383F5}"
EndProject
Project("{FAE04EC0-301F-11D3-BF4B-00C04F79EFBC}") = "Aufgabe_Hangman_Methods", "Aufgabe_Hangman_Methods\Aufgabe_Hangman_Methods.csproj", "{6F1983F3-3E5D-43FB-A269-2F9EC6086AAD}"
EndProject
Project("{FAE04EC0-301F-11D3-BF4B-00C04F79EFBC}") = "BubbleSort", "BubbleSort\BubbleSort.csproj", "{673F7BD6-9638-4A23-9674-7B63234EE997}"
EndProject
Project("{FAE04EC0-301F-11D3-BF4B-00C04F79EFBC}") = "Klassen", "Klassen\Klassen.csproj", "{B049F138-79C8-4414-8E1E-EFC14D499C8F}"
EndProject
Project("{FAE04EC0-301F-11D3-BF4B-00C04F79EFBC}") = "Aufgabe_Parkhaus", "Aufgabe_Parkhaus\Aufgabe_Parkhaus.csproj", "{4160AB39-0D74-452E-8B7B-D24A8C3A341C}"
EndProject
Project("{FAE04EC0-301F-11D3-BF4B-00C04F79EFBC}") = "Aufgabe_Login", "Aufgabe_Login\Aufgabe_Login.csproj", "{0D01670A-DAE3-4B43-90D0-2F00E5F0C1EA}"
EndProject
Project("{FAE04EC0-301F-11D3-BF4B-00C04F79EFBC}") = "Call_by_Reference_Call_by_Value", "Call_by_Reference_Call_by_Value\Call_by_Reference_Call_by_Value.csproj", "{DCC42EF1-9B14-4D1C-8AA5-4CDE3DF7400B}"
EndProject
Project("{FAE04EC0-301F-11D3-BF4B-00C04F79EFBC}") = "Aufgabe_Call_By_Value-Reference", "Aufgabe_Call_By_Value-Reference\Aufgabe_Call_By_Value-Reference.csproj", "{532EDF14-FFD5-4657-B401-1175CB31F2B0}"
EndProject
Project("{FAE04EC0-301F-11D3-BF4B-00C04F79EFBC}") = "Vererbung", "Vererbung\Vererbung.csproj", "{4B9DBA69-08E7-4CD4-AABC-E8C56F75267E}"
EndProject
Project("{FAE04EC0-301F-11D3-BF4B-00C04F79EFBC}") = "Aufgabe_Vererbung", "Aufgabe_Vererbung\Aufgabe_Vererbung.csproj", "{313BB810-5949-4BEC-BCAA-12C3D527549A}"
EndProject
Project("{FAE04EC0-301F-11D3-BF4B-00C04F79EFBC}") = "Abstrakte_Klassen", "Abstrakte_Klassen\Abstrakte_Klassen.csproj", "{F1D7FC88-1CEE-4110-8E1A-3E6B2CC176BE}"
EndProject
Project("{FAE04EC0-301F-11D3-BF4B-00C04F79EFBC}") = "Aufgabe_Abstrakte_Kunde", "Aufgabe_Abstrakte_Kunde\Aufgabe_Abstrakte_Kunde.csproj", "{3CD55BDE-179A-4E08-AA31-EFC07B7ADC13}"
EndProject
Project("{FAE04EC0-301F-11D3-BF4B-00C04F79EFBC}") = "Interfaces", "Interfaces\Interfaces.csproj", "{252B6F4A-C452-4B73-94E7-A589D1684F61}"
EndProject
Global
	GlobalSection(SolutionConfigurationPlatforms) = preSolution
		Debug|Any CPU = Debug|Any CPU
		Release|Any CPU = Release|Any CPU
	EndGlobalSection
	GlobalSection(ProjectConfigurationPlatforms) = postSolution
		{C99BDDC0-B491-4A8A-A41E-F63794E83912}.Debug|Any CPU.ActiveCfg = Debug|Any CPU
		{C99BDDC0-B491-4A8A-A41E-F63794E83912}.Debug|Any CPU.Build.0 = Debug|Any CPU
		{C99BDDC0-B491-4A8A-A41E-F63794E83912}.Release|Any CPU.ActiveCfg = Release|Any CPU
		{C99BDDC0-B491-4A8A-A41E-F63794E83912}.Release|Any CPU.Build.0 = Release|Any CPU
		{FBB62E72-B561-4241-B195-B55784F86FA0}.Debug|Any CPU.ActiveCfg = Debug|Any CPU
		{FBB62E72-B561-4241-B195-B55784F86FA0}.Debug|Any CPU.Build.0 = Debug|Any CPU
		{FBB62E72-B561-4241-B195-B55784F86FA0}.Release|Any CPU.ActiveCfg = Release|Any CPU
		{FBB62E72-B561-4241-B195-B55784F86FA0}.Release|Any CPU.Build.0 = Release|Any CPU
		{24F161FA-72F0-4AC9-86E8-32296FF87A23}.Debug|Any CPU.ActiveCfg = Debug|Any CPU
		{24F161FA-72F0-4AC9-86E8-32296FF87A23}.Debug|Any CPU.Build.0 = Debug|Any CPU
		{24F161FA-72F0-4AC9-86E8-32296FF87A23}.Release|Any CPU.ActiveCfg = Release|Any CPU
		{24F161FA-72F0-4AC9-86E8-32296FF87A23}.Release|Any CPU.Build.0 = Release|Any CPU
		{3D384E42-0470-44AC-9B76-D8C4FD847A05}.Debug|Any CPU.ActiveCfg = Debug|Any CPU
		{3D384E42-0470-44AC-9B76-D8C4FD847A05}.Debug|Any CPU.Build.0 = Debug|Any CPU
		{3D384E42-0470-44AC-9B76-D8C4FD847A05}.Release|Any CPU.ActiveCfg = Release|Any CPU
		{3D384E42-0470-44AC-9B76-D8C4FD847A05}.Release|Any CPU.Build.0 = Release|Any CPU
		{2B13C2EE-D5C9-4BB0-888A-8336591C2196}.Debug|Any CPU.ActiveCfg = Debug|Any CPU
		{2B13C2EE-D5C9-4BB0-888A-8336591C2196}.Debug|Any CPU.Build.0 = Debug|Any CPU
		{2B13C2EE-D5C9-4BB0-888A-8336591C2196}.Release|Any CPU.ActiveCfg = Release|Any CPU
		{2B13C2EE-D5C9-4BB0-888A-8336591C2196}.Release|Any CPU.Build.0 = Release|Any CPU
		{23083015-22F6-48DB-9717-B4ACD34843EA}.Debug|Any CPU.ActiveCfg = Debug|Any CPU
		{23083015-22F6-48DB-9717-B4ACD34843EA}.Debug|Any CPU.Build.0 = Debug|Any CPU
		{23083015-22F6-48DB-9717-B4ACD34843EA}.Release|Any CPU.ActiveCfg = Release|Any CPU
		{23083015-22F6-48DB-9717-B4ACD34843EA}.Release|Any CPU.Build.0 = Release|Any CPU
		{6C5416D0-8893-4896-961B-57D39731FE54}.Debug|Any CPU.ActiveCfg = Debug|Any CPU
		{6C5416D0-8893-4896-961B-57D39731FE54}.Debug|Any CPU.Build.0 = Debug|Any CPU
		{6C5416D0-8893-4896-961B-57D39731FE54}.Release|Any CPU.ActiveCfg = Release|Any CPU
		{6C5416D0-8893-4896-961B-57D39731FE54}.Release|Any CPU.Build.0 = Release|Any CPU
		{64DD2DB3-9A54-46DF-8DA3-71CBA114AED9}.Debug|Any CPU.ActiveCfg = Debug|Any CPU
		{64DD2DB3-9A54-46DF-8DA3-71CBA114AED9}.Debug|Any CPU.Build.0 = Debug|Any CPU
		{64DD2DB3-9A54-46DF-8DA3-71CBA114AED9}.Release|Any CPU.ActiveCfg = Release|Any CPU
		{64DD2DB3-9A54-46DF-8DA3-71CBA114AED9}.Release|Any CPU.Build.0 = Release|Any CPU
		{04D565E5-34F6-48B9-AB5E-A675FEF2592C}.Debug|Any CPU.ActiveCfg = Debug|Any CPU
		{04D565E5-34F6-48B9-AB5E-A675FEF2592C}.Debug|Any CPU.Build.0 = Debug|Any CPU
		{04D565E5-34F6-48B9-AB5E-A675FEF2592C}.Release|Any CPU.ActiveCfg = Release|Any CPU
		{04D565E5-34F6-48B9-AB5E-A675FEF2592C}.Release|Any CPU.Build.0 = Release|Any CPU
		{B62381A0-ACDC-4621-976F-19C56EEC9313}.Debug|Any CPU.ActiveCfg = Debug|Any CPU
		{B62381A0-ACDC-4621-976F-19C56EEC9313}.Debug|Any CPU.Build.0 = Debug|Any CPU
		{B62381A0-ACDC-4621-976F-19C56EEC9313}.Release|Any CPU.ActiveCfg = Release|Any CPU
		{B62381A0-ACDC-4621-976F-19C56EEC9313}.Release|Any CPU.Build.0 = Release|Any CPU
		{9896E3F9-9245-433B-B378-AF81344FFA92}.Debug|Any CPU.ActiveCfg = Debug|Any CPU
		{9896E3F9-9245-433B-B378-AF81344FFA92}.Debug|Any CPU.Build.0 = Debug|Any CPU
		{9896E3F9-9245-433B-B378-AF81344FFA92}.Release|Any CPU.ActiveCfg = Release|Any CPU
		{9896E3F9-9245-433B-B378-AF81344FFA92}.Release|Any CPU.Build.0 = Release|Any CPU
		{AF27C07A-261B-4E76-BE82-EC56207C5F6B}.Debug|Any CPU.ActiveCfg = Debug|Any CPU
		{AF27C07A-261B-4E76-BE82-EC56207C5F6B}.Debug|Any CPU.Build.0 = Debug|Any CPU
		{AF27C07A-261B-4E76-BE82-EC56207C5F6B}.Release|Any CPU.ActiveCfg = Release|Any CPU
		{AF27C07A-261B-4E76-BE82-EC56207C5F6B}.Release|Any CPU.Build.0 = Release|Any CPU
		{BECB0E95-1486-4243-9D17-63411B8F7740}.Debug|Any CPU.ActiveCfg = Debug|Any CPU
		{BECB0E95-1486-4243-9D17-63411B8F7740}.Debug|Any CPU.Build.0 = Debug|Any CPU
		{BECB0E95-1486-4243-9D17-63411B8F7740}.Release|Any CPU.ActiveCfg = Release|Any CPU
		{BECB0E95-1486-4243-9D17-63411B8F7740}.Release|Any CPU.Build.0 = Release|Any CPU
		{0B350DDD-BF6F-47CB-AB48-3140B871F752}.Debug|Any CPU.ActiveCfg = Debug|Any CPU
		{0B350DDD-BF6F-47CB-AB48-3140B871F752}.Debug|Any CPU.Build.0 = Debug|Any CPU
		{0B350DDD-BF6F-47CB-AB48-3140B871F752}.Release|Any CPU.ActiveCfg = Release|Any CPU
		{0B350DDD-BF6F-47CB-AB48-3140B871F752}.Release|Any CPU.Build.0 = Release|Any CPU
		{399D9505-54E8-4DCB-8070-566B464E2E86}.Debug|Any CPU.ActiveCfg = Debug|Any CPU
		{399D9505-54E8-4DCB-8070-566B464E2E86}.Debug|Any CPU.Build.0 = Debug|Any CPU
		{399D9505-54E8-4DCB-8070-566B464E2E86}.Release|Any CPU.ActiveCfg = Release|Any CPU
		{399D9505-54E8-4DCB-8070-566B464E2E86}.Release|Any CPU.Build.0 = Release|Any CPU
		{A66C5A89-93A4-4F38-A310-8FFCEB54709E}.Debug|Any CPU.ActiveCfg = Debug|Any CPU
		{A66C5A89-93A4-4F38-A310-8FFCEB54709E}.Debug|Any CPU.Build.0 = Debug|Any CPU
		{A66C5A89-93A4-4F38-A310-8FFCEB54709E}.Release|Any CPU.ActiveCfg = Release|Any CPU
		{A66C5A89-93A4-4F38-A310-8FFCEB54709E}.Release|Any CPU.Build.0 = Release|Any CPU
		{F5297C76-D4B4-4EAE-A716-86A59CF478D0}.Debug|Any CPU.ActiveCfg = Debug|Any CPU
		{F5297C76-D4B4-4EAE-A716-86A59CF478D0}.Debug|Any CPU.Build.0 = Debug|Any CPU
		{F5297C76-D4B4-4EAE-A716-86A59CF478D0}.Release|Any CPU.ActiveCfg = Release|Any CPU
		{F5297C76-D4B4-4EAE-A716-86A59CF478D0}.Release|Any CPU.Build.0 = Release|Any CPU
		{806D4FB4-001F-4039-ADA6-13D3264F4A66}.Debug|Any CPU.ActiveCfg = Debug|Any CPU
		{806D4FB4-001F-4039-ADA6-13D3264F4A66}.Debug|Any CPU.Build.0 = Debug|Any CPU
		{806D4FB4-001F-4039-ADA6-13D3264F4A66}.Release|Any CPU.ActiveCfg = Release|Any CPU
		{806D4FB4-001F-4039-ADA6-13D3264F4A66}.Release|Any CPU.Build.0 = Release|Any CPU
		{DA2489DF-A16E-48EE-A7ED-36A4AF789489}.Debug|Any CPU.ActiveCfg = Debug|Any CPU
		{DA2489DF-A16E-48EE-A7ED-36A4AF789489}.Debug|Any CPU.Build.0 = Debug|Any CPU
		{DA2489DF-A16E-48EE-A7ED-36A4AF789489}.Release|Any CPU.ActiveCfg = Release|Any CPU
		{DA2489DF-A16E-48EE-A7ED-36A4AF789489}.Release|Any CPU.Build.0 = Release|Any CPU
		{9A56B12D-DB25-43F9-BF8D-8B6EEBB4A760}.Debug|Any CPU.ActiveCfg = Debug|Any CPU
		{9A56B12D-DB25-43F9-BF8D-8B6EEBB4A760}.Debug|Any CPU.Build.0 = Debug|Any CPU
		{9A56B12D-DB25-43F9-BF8D-8B6EEBB4A760}.Release|Any CPU.ActiveCfg = Release|Any CPU
		{9A56B12D-DB25-43F9-BF8D-8B6EEBB4A760}.Release|Any CPU.Build.0 = Release|Any CPU
		{45C531A5-9217-4E33-805A-6588FE689E6D}.Debug|Any CPU.ActiveCfg = Debug|Any CPU
		{45C531A5-9217-4E33-805A-6588FE689E6D}.Debug|Any CPU.Build.0 = Debug|Any CPU
		{45C531A5-9217-4E33-805A-6588FE689E6D}.Release|Any CPU.ActiveCfg = Release|Any CPU
		{45C531A5-9217-4E33-805A-6588FE689E6D}.Release|Any CPU.Build.0 = Release|Any CPU
		{23F76029-C862-4728-983E-C10055094E6F}.Debug|Any CPU.ActiveCfg = Debug|Any CPU
		{23F76029-C862-4728-983E-C10055094E6F}.Debug|Any CPU.Build.0 = Debug|Any CPU
		{23F76029-C862-4728-983E-C10055094E6F}.Release|Any CPU.ActiveCfg = Release|Any CPU
		{23F76029-C862-4728-983E-C10055094E6F}.Release|Any CPU.Build.0 = Release|Any CPU
		{5860A767-E9D7-4713-9BAD-BD95850134BF}.Debug|Any CPU.ActiveCfg = Debug|Any CPU
		{5860A767-E9D7-4713-9BAD-BD95850134BF}.Debug|Any CPU.Build.0 = Debug|Any CPU
		{5860A767-E9D7-4713-9BAD-BD95850134BF}.Release|Any CPU.ActiveCfg = Release|Any CPU
		{5860A767-E9D7-4713-9BAD-BD95850134BF}.Release|Any CPU.Build.0 = Release|Any CPU
		{77C1B2AD-5E2E-47B0-98DE-6B5EE2D1B5C5}.Debug|Any CPU.ActiveCfg = Debug|Any CPU
		{77C1B2AD-5E2E-47B0-98DE-6B5EE2D1B5C5}.Debug|Any CPU.Build.0 = Debug|Any CPU
		{77C1B2AD-5E2E-47B0-98DE-6B5EE2D1B5C5}.Release|Any CPU.ActiveCfg = Release|Any CPU
		{77C1B2AD-5E2E-47B0-98DE-6B5EE2D1B5C5}.Release|Any CPU.Build.0 = Release|Any CPU
		{930D3B73-6C64-4DE0-AFDB-B9D43FBF4C07}.Debug|Any CPU.ActiveCfg = Debug|Any CPU
		{930D3B73-6C64-4DE0-AFDB-B9D43FBF4C07}.Debug|Any CPU.Build.0 = Debug|Any CPU
		{930D3B73-6C64-4DE0-AFDB-B9D43FBF4C07}.Release|Any CPU.ActiveCfg = Release|Any CPU
		{930D3B73-6C64-4DE0-AFDB-B9D43FBF4C07}.Release|Any CPU.Build.0 = Release|Any CPU
		{CD7F4098-6865-4E72-AC82-FA9B0822B2A6}.Debug|Any CPU.ActiveCfg = Debug|Any CPU
		{CD7F4098-6865-4E72-AC82-FA9B0822B2A6}.Debug|Any CPU.Build.0 = Debug|Any CPU
		{CD7F4098-6865-4E72-AC82-FA9B0822B2A6}.Release|Any CPU.ActiveCfg = Release|Any CPU
		{CD7F4098-6865-4E72-AC82-FA9B0822B2A6}.Release|Any CPU.Build.0 = Release|Any CPU
		{265375C5-BC0D-4826-9E55-06299F77C1D7}.Debug|Any CPU.ActiveCfg = Debug|Any CPU
		{265375C5-BC0D-4826-9E55-06299F77C1D7}.Debug|Any CPU.Build.0 = Debug|Any CPU
		{265375C5-BC0D-4826-9E55-06299F77C1D7}.Release|Any CPU.ActiveCfg = Release|Any CPU
		{265375C5-BC0D-4826-9E55-06299F77C1D7}.Release|Any CPU.Build.0 = Release|Any CPU
		{876D9D33-2843-4828-989F-43642C507C98}.Debug|Any CPU.ActiveCfg = Debug|Any CPU
		{876D9D33-2843-4828-989F-43642C507C98}.Debug|Any CPU.Build.0 = Debug|Any CPU
		{876D9D33-2843-4828-989F-43642C507C98}.Release|Any CPU.ActiveCfg = Release|Any CPU
		{876D9D33-2843-4828-989F-43642C507C98}.Release|Any CPU.Build.0 = Release|Any CPU
		{B96F9AE5-E5DA-46D2-9334-22F2B0A66F50}.Debug|Any CPU.ActiveCfg = Debug|Any CPU
		{B96F9AE5-E5DA-46D2-9334-22F2B0A66F50}.Debug|Any CPU.Build.0 = Debug|Any CPU
		{B96F9AE5-E5DA-46D2-9334-22F2B0A66F50}.Release|Any CPU.ActiveCfg = Release|Any CPU
		{B96F9AE5-E5DA-46D2-9334-22F2B0A66F50}.Release|Any CPU.Build.0 = Release|Any CPU
		{342574E3-4C3A-4346-816B-75DFA96BC240}.Debug|Any CPU.ActiveCfg = Debug|Any CPU
		{342574E3-4C3A-4346-816B-75DFA96BC240}.Debug|Any CPU.Build.0 = Debug|Any CPU
		{342574E3-4C3A-4346-816B-75DFA96BC240}.Release|Any CPU.ActiveCfg = Release|Any CPU
		{342574E3-4C3A-4346-816B-75DFA96BC240}.Release|Any CPU.Build.0 = Release|Any CPU
		{596A6534-D719-4334-BD58-C82DC0749526}.Debug|Any CPU.ActiveCfg = Debug|Any CPU
		{596A6534-D719-4334-BD58-C82DC0749526}.Debug|Any CPU.Build.0 = Debug|Any CPU
		{596A6534-D719-4334-BD58-C82DC0749526}.Release|Any CPU.ActiveCfg = Release|Any CPU
		{596A6534-D719-4334-BD58-C82DC0749526}.Release|Any CPU.Build.0 = Release|Any CPU
		{16A8CDEF-7B56-4A67-988E-AD12452E3DC6}.Debug|Any CPU.ActiveCfg = Debug|Any CPU
		{16A8CDEF-7B56-4A67-988E-AD12452E3DC6}.Debug|Any CPU.Build.0 = Debug|Any CPU
		{16A8CDEF-7B56-4A67-988E-AD12452E3DC6}.Release|Any CPU.ActiveCfg = Release|Any CPU
		{16A8CDEF-7B56-4A67-988E-AD12452E3DC6}.Release|Any CPU.Build.0 = Release|Any CPU
		{21F9403B-A5ED-45D1-81AA-3C007498E6E9}.Debug|Any CPU.ActiveCfg = Debug|Any CPU
		{21F9403B-A5ED-45D1-81AA-3C007498E6E9}.Debug|Any CPU.Build.0 = Debug|Any CPU
		{21F9403B-A5ED-45D1-81AA-3C007498E6E9}.Release|Any CPU.ActiveCfg = Release|Any CPU
		{21F9403B-A5ED-45D1-81AA-3C007498E6E9}.Release|Any CPU.Build.0 = Release|Any CPU
		{4ACF8DF4-5118-4986-8377-B7C555A160B6}.Debug|Any CPU.ActiveCfg = Debug|Any CPU
		{4ACF8DF4-5118-4986-8377-B7C555A160B6}.Debug|Any CPU.Build.0 = Debug|Any CPU
		{4ACF8DF4-5118-4986-8377-B7C555A160B6}.Release|Any CPU.ActiveCfg = Release|Any CPU
		{4ACF8DF4-5118-4986-8377-B7C555A160B6}.Release|Any CPU.Build.0 = Release|Any CPU
		{BE955CD9-7259-475D-BDCE-7225B70AFC58}.Debug|Any CPU.ActiveCfg = Debug|Any CPU
		{BE955CD9-7259-475D-BDCE-7225B70AFC58}.Debug|Any CPU.Build.0 = Debug|Any CPU
		{BE955CD9-7259-475D-BDCE-7225B70AFC58}.Release|Any CPU.ActiveCfg = Release|Any CPU
		{BE955CD9-7259-475D-BDCE-7225B70AFC58}.Release|Any CPU.Build.0 = Release|Any CPU
		{79085B2D-8B0C-4825-B293-04FC5F740F0B}.Debug|Any CPU.ActiveCfg = Debug|Any CPU
		{79085B2D-8B0C-4825-B293-04FC5F740F0B}.Debug|Any CPU.Build.0 = Debug|Any CPU
		{79085B2D-8B0C-4825-B293-04FC5F740F0B}.Release|Any CPU.ActiveCfg = Release|Any CPU
		{79085B2D-8B0C-4825-B293-04FC5F740F0B}.Release|Any CPU.Build.0 = Release|Any CPU
		{18B6ADF9-5059-43C8-83FC-88AE03839B8A}.Debug|Any CPU.ActiveCfg = Debug|Any CPU
		{18B6ADF9-5059-43C8-83FC-88AE03839B8A}.Debug|Any CPU.Build.0 = Debug|Any CPU
		{18B6ADF9-5059-43C8-83FC-88AE03839B8A}.Release|Any CPU.ActiveCfg = Release|Any CPU
		{18B6ADF9-5059-43C8-83FC-88AE03839B8A}.Release|Any CPU.Build.0 = Release|Any CPU
		{00166345-D62B-49D5-BCAE-A636BB3F68B7}.Debug|Any CPU.ActiveCfg = Debug|Any CPU
		{00166345-D62B-49D5-BCAE-A636BB3F68B7}.Debug|Any CPU.Build.0 = Debug|Any CPU
		{00166345-D62B-49D5-BCAE-A636BB3F68B7}.Release|Any CPU.ActiveCfg = Release|Any CPU
		{00166345-D62B-49D5-BCAE-A636BB3F68B7}.Release|Any CPU.Build.0 = Release|Any CPU
		{4D3BC60A-AF41-4572-8224-F593FF44E5E0}.Debug|Any CPU.ActiveCfg = Debug|Any CPU
		{4D3BC60A-AF41-4572-8224-F593FF44E5E0}.Debug|Any CPU.Build.0 = Debug|Any CPU
		{4D3BC60A-AF41-4572-8224-F593FF44E5E0}.Release|Any CPU.ActiveCfg = Release|Any CPU
		{4D3BC60A-AF41-4572-8224-F593FF44E5E0}.Release|Any CPU.Build.0 = Release|Any CPU
		{1F692530-3356-4B9C-BBE3-59862EF55392}.Debug|Any CPU.ActiveCfg = Debug|Any CPU
		{1F692530-3356-4B9C-BBE3-59862EF55392}.Debug|Any CPU.Build.0 = Debug|Any CPU
		{1F692530-3356-4B9C-BBE3-59862EF55392}.Release|Any CPU.ActiveCfg = Release|Any CPU
		{1F692530-3356-4B9C-BBE3-59862EF55392}.Release|Any CPU.Build.0 = Release|Any CPU
		{3BAF0208-2B2A-402D-9C28-9930818EDC57}.Debug|Any CPU.ActiveCfg = Debug|Any CPU
		{3BAF0208-2B2A-402D-9C28-9930818EDC57}.Debug|Any CPU.Build.0 = Debug|Any CPU
		{3BAF0208-2B2A-402D-9C28-9930818EDC57}.Release|Any CPU.ActiveCfg = Release|Any CPU
		{3BAF0208-2B2A-402D-9C28-9930818EDC57}.Release|Any CPU.Build.0 = Release|Any CPU
		{F7158832-73AD-4819-AB78-2F55BEC68A68}.Debug|Any CPU.ActiveCfg = Debug|Any CPU
		{F7158832-73AD-4819-AB78-2F55BEC68A68}.Debug|Any CPU.Build.0 = Debug|Any CPU
		{F7158832-73AD-4819-AB78-2F55BEC68A68}.Release|Any CPU.ActiveCfg = Release|Any CPU
		{F7158832-73AD-4819-AB78-2F55BEC68A68}.Release|Any CPU.Build.0 = Release|Any CPU
		{9C1AAF6B-A0E3-4F72-999C-BE73E7B7B736}.Debug|Any CPU.ActiveCfg = Debug|Any CPU
		{9C1AAF6B-A0E3-4F72-999C-BE73E7B7B736}.Debug|Any CPU.Build.0 = Debug|Any CPU
		{9C1AAF6B-A0E3-4F72-999C-BE73E7B7B736}.Release|Any CPU.ActiveCfg = Release|Any CPU
		{9C1AAF6B-A0E3-4F72-999C-BE73E7B7B736}.Release|Any CPU.Build.0 = Release|Any CPU
		{95164051-7C09-40D5-A4E8-7D97E99A5133}.Debug|Any CPU.ActiveCfg = Debug|Any CPU
		{95164051-7C09-40D5-A4E8-7D97E99A5133}.Debug|Any CPU.Build.0 = Debug|Any CPU
		{95164051-7C09-40D5-A4E8-7D97E99A5133}.Release|Any CPU.ActiveCfg = Release|Any CPU
		{95164051-7C09-40D5-A4E8-7D97E99A5133}.Release|Any CPU.Build.0 = Release|Any CPU
		{262004B5-C91D-4692-9A3C-02491CB6F5BE}.Debug|Any CPU.ActiveCfg = Debug|Any CPU
		{262004B5-C91D-4692-9A3C-02491CB6F5BE}.Debug|Any CPU.Build.0 = Debug|Any CPU
		{262004B5-C91D-4692-9A3C-02491CB6F5BE}.Release|Any CPU.ActiveCfg = Release|Any CPU
		{262004B5-C91D-4692-9A3C-02491CB6F5BE}.Release|Any CPU.Build.0 = Release|Any CPU
		{02FC5E00-4718-4336-8A54-A5B191E17D4E}.Debug|Any CPU.ActiveCfg = Debug|Any CPU
		{02FC5E00-4718-4336-8A54-A5B191E17D4E}.Debug|Any CPU.Build.0 = Debug|Any CPU
		{02FC5E00-4718-4336-8A54-A5B191E17D4E}.Release|Any CPU.ActiveCfg = Release|Any CPU
		{02FC5E00-4718-4336-8A54-A5B191E17D4E}.Release|Any CPU.Build.0 = Release|Any CPU
		{1E41FC96-5F29-4D43-94B5-6679B69383F5}.Debug|Any CPU.ActiveCfg = Debug|Any CPU
		{1E41FC96-5F29-4D43-94B5-6679B69383F5}.Debug|Any CPU.Build.0 = Debug|Any CPU
		{1E41FC96-5F29-4D43-94B5-6679B69383F5}.Release|Any CPU.ActiveCfg = Release|Any CPU
		{1E41FC96-5F29-4D43-94B5-6679B69383F5}.Release|Any CPU.Build.0 = Release|Any CPU
		{6F1983F3-3E5D-43FB-A269-2F9EC6086AAD}.Debug|Any CPU.ActiveCfg = Debug|Any CPU
		{6F1983F3-3E5D-43FB-A269-2F9EC6086AAD}.Debug|Any CPU.Build.0 = Debug|Any CPU
		{6F1983F3-3E5D-43FB-A269-2F9EC6086AAD}.Release|Any CPU.ActiveCfg = Release|Any CPU
		{6F1983F3-3E5D-43FB-A269-2F9EC6086AAD}.Release|Any CPU.Build.0 = Release|Any CPU
		{673F7BD6-9638-4A23-9674-7B63234EE997}.Debug|Any CPU.ActiveCfg = Debug|Any CPU
		{673F7BD6-9638-4A23-9674-7B63234EE997}.Debug|Any CPU.Build.0 = Debug|Any CPU
		{673F7BD6-9638-4A23-9674-7B63234EE997}.Release|Any CPU.ActiveCfg = Release|Any CPU
		{673F7BD6-9638-4A23-9674-7B63234EE997}.Release|Any CPU.Build.0 = Release|Any CPU
		{B049F138-79C8-4414-8E1E-EFC14D499C8F}.Debug|Any CPU.ActiveCfg = Debug|Any CPU
		{B049F138-79C8-4414-8E1E-EFC14D499C8F}.Debug|Any CPU.Build.0 = Debug|Any CPU
		{B049F138-79C8-4414-8E1E-EFC14D499C8F}.Release|Any CPU.ActiveCfg = Release|Any CPU
		{B049F138-79C8-4414-8E1E-EFC14D499C8F}.Release|Any CPU.Build.0 = Release|Any CPU
		{4160AB39-0D74-452E-8B7B-D24A8C3A341C}.Debug|Any CPU.ActiveCfg = Debug|Any CPU
		{4160AB39-0D74-452E-8B7B-D24A8C3A341C}.Debug|Any CPU.Build.0 = Debug|Any CPU
		{4160AB39-0D74-452E-8B7B-D24A8C3A341C}.Release|Any CPU.ActiveCfg = Release|Any CPU
		{4160AB39-0D74-452E-8B7B-D24A8C3A341C}.Release|Any CPU.Build.0 = Release|Any CPU
		{0D01670A-DAE3-4B43-90D0-2F00E5F0C1EA}.Debug|Any CPU.ActiveCfg = Debug|Any CPU
		{0D01670A-DAE3-4B43-90D0-2F00E5F0C1EA}.Debug|Any CPU.Build.0 = Debug|Any CPU
		{0D01670A-DAE3-4B43-90D0-2F00E5F0C1EA}.Release|Any CPU.ActiveCfg = Release|Any CPU
		{0D01670A-DAE3-4B43-90D0-2F00E5F0C1EA}.Release|Any CPU.Build.0 = Release|Any CPU
		{DCC42EF1-9B14-4D1C-8AA5-4CDE3DF7400B}.Debug|Any CPU.ActiveCfg = Debug|Any CPU
		{DCC42EF1-9B14-4D1C-8AA5-4CDE3DF7400B}.Debug|Any CPU.Build.0 = Debug|Any CPU
		{DCC42EF1-9B14-4D1C-8AA5-4CDE3DF7400B}.Release|Any CPU.ActiveCfg = Release|Any CPU
		{DCC42EF1-9B14-4D1C-8AA5-4CDE3DF7400B}.Release|Any CPU.Build.0 = Release|Any CPU
		{532EDF14-FFD5-4657-B401-1175CB31F2B0}.Debug|Any CPU.ActiveCfg = Debug|Any CPU
		{532EDF14-FFD5-4657-B401-1175CB31F2B0}.Debug|Any CPU.Build.0 = Debug|Any CPU
		{532EDF14-FFD5-4657-B401-1175CB31F2B0}.Release|Any CPU.ActiveCfg = Release|Any CPU
		{532EDF14-FFD5-4657-B401-1175CB31F2B0}.Release|Any CPU.Build.0 = Release|Any CPU
		{4B9DBA69-08E7-4CD4-AABC-E8C56F75267E}.Debug|Any CPU.ActiveCfg = Debug|Any CPU
		{4B9DBA69-08E7-4CD4-AABC-E8C56F75267E}.Debug|Any CPU.Build.0 = Debug|Any CPU
		{4B9DBA69-08E7-4CD4-AABC-E8C56F75267E}.Release|Any CPU.ActiveCfg = Release|Any CPU
		{4B9DBA69-08E7-4CD4-AABC-E8C56F75267E}.Release|Any CPU.Build.0 = Release|Any CPU
		{313BB810-5949-4BEC-BCAA-12C3D527549A}.Debug|Any CPU.ActiveCfg = Debug|Any CPU
		{313BB810-5949-4BEC-BCAA-12C3D527549A}.Debug|Any CPU.Build.0 = Debug|Any CPU
		{313BB810-5949-4BEC-BCAA-12C3D527549A}.Release|Any CPU.ActiveCfg = Release|Any CPU
		{313BB810-5949-4BEC-BCAA-12C3D527549A}.Release|Any CPU.Build.0 = Release|Any CPU
		{F1D7FC88-1CEE-4110-8E1A-3E6B2CC176BE}.Debug|Any CPU.ActiveCfg = Debug|Any CPU
		{F1D7FC88-1CEE-4110-8E1A-3E6B2CC176BE}.Debug|Any CPU.Build.0 = Debug|Any CPU
		{F1D7FC88-1CEE-4110-8E1A-3E6B2CC176BE}.Release|Any CPU.ActiveCfg = Release|Any CPU
		{F1D7FC88-1CEE-4110-8E1A-3E6B2CC176BE}.Release|Any CPU.Build.0 = Release|Any CPU
		{3CD55BDE-179A-4E08-AA31-EFC07B7ADC13}.Debug|Any CPU.ActiveCfg = Debug|Any CPU
		{3CD55BDE-179A-4E08-AA31-EFC07B7ADC13}.Debug|Any CPU.Build.0 = Debug|Any CPU
		{3CD55BDE-179A-4E08-AA31-EFC07B7ADC13}.Release|Any CPU.ActiveCfg = Release|Any CPU
		{3CD55BDE-179A-4E08-AA31-EFC07B7ADC13}.Release|Any CPU.Build.0 = Release|Any CPU
		{252B6F4A-C452-4B73-94E7-A589D1684F61}.Debug|Any CPU.ActiveCfg = Debug|Any CPU
		{252B6F4A-C452-4B73-94E7-A589D1684F61}.Debug|Any CPU.Build.0 = Debug|Any CPU
		{252B6F4A-C452-4B73-94E7-A589D1684F61}.Release|Any CPU.ActiveCfg = Release|Any CPU
		{252B6F4A-C452-4B73-94E7-A589D1684F61}.Release|Any CPU.Build.0 = Release|Any CPU
	EndGlobalSection
	GlobalSection(SolutionProperties) = preSolution
		HideSolutionNode = FALSE
	EndGlobalSection
	GlobalSection(ExtensibilityGlobals) = postSolution
		SolutionGuid = {760D91FA-5D02-4914-8F26-EFD30FEF9C92}
	EndGlobalSection
EndGlobal
